
Microsoft Visual Studio Solution File, Format Version 12.00
# Visual Studio Version 17
VisualStudioVersion = 17.7.34031.279
MinimumVisualStudioVersion = 10.0.40219.1
Project("{FAE04EC0-301F-11D3-BF4B-00C04F79EFBC}") = "WpfApp1", "WpfApp1\WpfApp1.csproj", "{95995F14-04C0-4AA5-A209-89A95EBD0D4D}"
EndProject
Global
	GlobalSection(SolutionConfigurationPlatforms) = preSolution
		Debug|Any CPU = Debug|Any CPU
		Release|Any CPU = Release|Any CPU
	EndGlobalSection
	GlobalSection(ProjectConfigurationPlatforms) = postSolution
		{95995F14-04C0-4AA5-A209-89A95EBD0D4D}.Debug|Any CPU.ActiveCfg = Debug|Any CPU
		{95995F14-04C0-4AA5-A209-89A95EBD0D4D}.Debug|Any CPU.Build.0 = Debug|Any CPU
		{95995F14-04C0-4AA5-A209-89A95EBD0D4D}.Release|Any CPU.ActiveCfg = Release|Any CPU
		{95995F14-04C0-4AA5-A209-89A95EBD0D4D}.Release|Any CPU.Build.0 = Release|Any CPU
	EndGlobalSection
	GlobalSection(SolutionProperties) = preSolution
		HideSolutionNode = FALSE
	EndGlobalSection
	GlobalSection(ExtensibilityGlobals) = postSolution
		SolutionGuid = {0381524C-B17E-418D-A1CE-DB278788BEA3}
	EndGlobalSection
EndGlobal
